// !$*UTF8*$!
{
	archiveVersion = 1;
	classes = {
	};
	objectVersion = 55;
	objects = {

/* Begin PBXBuildFile section */
		838EBEA628303A2900738677 /* Result.storyboard in Resources */ = {isa = PBXBuildFile; fileRef = 838EBEA528303A2900738677 /* Result.storyboard */; };
		83AA8120282EBA9D00586486 /* AppDelegate.swift in Sources */ = {isa = PBXBuildFile; fileRef = 83AA811F282EBA9D00586486 /* AppDelegate.swift */; };
		83AA8122282EBA9D00586486 /* SceneDelegate.swift in Sources */ = {isa = PBXBuildFile; fileRef = 83AA8121282EBA9D00586486 /* SceneDelegate.swift */; };
		83AA8124282EBA9D00586486 /* MapViewController.swift in Sources */ = {isa = PBXBuildFile; fileRef = 83AA8123282EBA9D00586486 /* MapViewController.swift */; };
		83AA8127282EBA9D00586486 /* Main.storyboard in Resources */ = {isa = PBXBuildFile; fileRef = 83AA8125282EBA9D00586486 /* Main.storyboard */; };
		83AA8129282EBA9F00586486 /* Assets.xcassets in Resources */ = {isa = PBXBuildFile; fileRef = 83AA8128282EBA9F00586486 /* Assets.xcassets */; };
		83AA812C282EBA9F00586486 /* LaunchScreen.storyboard in Resources */ = {isa = PBXBuildFile; fileRef = 83AA812A282EBA9F00586486 /* LaunchScreen.storyboard */; };
		83AA8134282EBBA900586486 /* ResultsViewController.swift in Sources */ = {isa = PBXBuildFile; fileRef = 83AA8133282EBBA900586486 /* ResultsViewController.swift */; };
		83AA8136282F08D800586486 /* GooglePlacesManager.swift in Sources */ = {isa = PBXBuildFile; fileRef = 83AA8135282F08D800586486 /* GooglePlacesManager.swift */; };
		83B5A10A283AF94D00697082 /* TabBarController.swift in Sources */ = {isa = PBXBuildFile; fileRef = 83B5A109283AF94D00697082 /* TabBarController.swift */; };
		83B5A10C283B01C800697082 /* SearchBarAutocompleteController.swift in Sources */ = {isa = PBXBuildFile; fileRef = 83B5A10B283B01C800697082 /* SearchBarAutocompleteController.swift */; };
		83B5A10E283B152100697082 /* FullScreenAutocompleteController.swift in Sources */ = {isa = PBXBuildFile; fileRef = 83B5A10D283B152100697082 /* FullScreenAutocompleteController.swift */; };
		83F61AFD282F3F86001D9F14 /* Keys.plist in Resources */ = {isa = PBXBuildFile; fileRef = 83F61AFC282F3F86001D9F14 /* Keys.plist */; };
/* End PBXBuildFile section */

/* Begin PBXFileReference section */
		399E388D6BA1CF34F089C4FB /* Pods-GoogleMapsDemo.debug.xcconfig */ = {isa = PBXFileReference; includeInIndex = 1; lastKnownFileType = text.xcconfig; name = "Pods-GoogleMapsDemo.debug.xcconfig"; path = "Target Support Files/Pods-GoogleMapsDemo/Pods-GoogleMapsDemo.debug.xcconfig"; sourceTree = "<group>"; };
		517600522C3E15027660D731 /* Pods-GoogleMapsDemo.release.xcconfig */ = {isa = PBXFileReference; includeInIndex = 1; lastKnownFileType = text.xcconfig; name = "Pods-GoogleMapsDemo.release.xcconfig"; path = "Target Support Files/Pods-GoogleMapsDemo/Pods-GoogleMapsDemo.release.xcconfig"; sourceTree = "<group>"; };
		6EA7B64733AA9233E4F9D129 /* Pods_GoogleMapsDemo.framework */ = {isa = PBXFileReference; explicitFileType = wrapper.framework; includeInIndex = 0; path = Pods_GoogleMapsDemo.framework; sourceTree = BUILT_PRODUCTS_DIR; };
		838EBEA528303A2900738677 /* Result.storyboard */ = {isa = PBXFileReference; lastKnownFileType = file.storyboard; path = Result.storyboard; sourceTree = "<group>"; };
		83AA811C282EBA9D00586486 /* GoogleMapsDemo.app */ = {isa = PBXFileReference; explicitFileType = wrapper.application; includeInIndex = 0; path = GoogleMapsDemo.app; sourceTree = BUILT_PRODUCTS_DIR; };
		83AA811F282EBA9D00586486 /* AppDelegate.swift */ = {isa = PBXFileReference; lastKnownFileType = sourcecode.swift; path = AppDelegate.swift; sourceTree = "<group>"; };
		83AA8121282EBA9D00586486 /* SceneDelegate.swift */ = {isa = PBXFileReference; lastKnownFileType = sourcecode.swift; path = SceneDelegate.swift; sourceTree = "<group>"; };
		83AA8123282EBA9D00586486 /* MapViewController.swift */ = {isa = PBXFileReference; lastKnownFileType = sourcecode.swift; path = MapViewController.swift; sourceTree = "<group>"; };
		83AA8126282EBA9D00586486 /* Base */ = {isa = PBXFileReference; lastKnownFileType = file.storyboard; name = Base; path = Base.lproj/Main.storyboard; sourceTree = "<group>"; };
		83AA8128282EBA9F00586486 /* Assets.xcassets */ = {isa = PBXFileReference; lastKnownFileType = folder.assetcatalog; path = Assets.xcassets; sourceTree = "<group>"; };
		83AA812B282EBA9F00586486 /* Base */ = {isa = PBXFileReference; lastKnownFileType = file.storyboard; name = Base; path = Base.lproj/LaunchScreen.storyboard; sourceTree = "<group>"; };
		83AA812D282EBA9F00586486 /* Info.plist */ = {isa = PBXFileReference; lastKnownFileType = text.plist.xml; path = Info.plist; sourceTree = "<group>"; };
		83AA8133282EBBA900586486 /* ResultsViewController.swift */ = {isa = PBXFileReference; lastKnownFileType = sourcecode.swift; path = ResultsViewController.swift; sourceTree = "<group>"; };
		83AA8135282F08D800586486 /* GooglePlacesManager.swift */ = {isa = PBXFileReference; lastKnownFileType = sourcecode.swift; path = GooglePlacesManager.swift; sourceTree = "<group>"; };
		83B5A109283AF94D00697082 /* TabBarController.swift */ = {isa = PBXFileReference; lastKnownFileType = sourcecode.swift; path = TabBarController.swift; sourceTree = "<group>"; };
		83B5A10B283B01C800697082 /* SearchBarAutocompleteController.swift */ = {isa = PBXFileReference; lastKnownFileType = sourcecode.swift; path = SearchBarAutocompleteController.swift; sourceTree = "<group>"; };
		83B5A10D283B152100697082 /* FullScreenAutocompleteController.swift */ = {isa = PBXFileReference; lastKnownFileType = sourcecode.swift; path = FullScreenAutocompleteController.swift; sourceTree = "<group>"; };
		83F61AFC282F3F86001D9F14 /* Keys.plist */ = {isa = PBXFileReference; lastKnownFileType = text.plist.xml; path = Keys.plist; sourceTree = "<group>"; };
/* End PBXFileReference section */

/* Begin PBXFrameworksBuildPhase section */
		83AA8119282EBA9D00586486 /* Frameworks */ = {
			isa = PBXFrameworksBuildPhase;
			buildActionMask = 2147483647;
			files = (
			);
			runOnlyForDeploymentPostprocessing = 0;
		};
/* End PBXFrameworksBuildPhase section */

/* Begin PBXGroup section */
		1532C96CBF89C1AAFC2A65FA /* Pods */ = {
			isa = PBXGroup;
			children = (
				399E388D6BA1CF34F089C4FB /* Pods-GoogleMapsDemo.debug.xcconfig */,
				517600522C3E15027660D731 /* Pods-GoogleMapsDemo.release.xcconfig */,
			);
			path = Pods;
			sourceTree = "<group>";
		};
		83AA8113282EBA9D00586486 = {
			isa = PBXGroup;
			children = (
				83AA811E282EBA9D00586486 /* GoogleMapsDemo */,
				83AA811D282EBA9D00586486 /* Products */,
				1532C96CBF89C1AAFC2A65FA /* Pods */,
				943680D532F6082FDA3BAF58 /* Frameworks */,
			);
			sourceTree = "<group>";
		};
		83AA811D282EBA9D00586486 /* Products */ = {
			isa = PBXGroup;
			children = (
				83AA811C282EBA9D00586486 /* GoogleMapsDemo.app */,
			);
			name = Products;
			sourceTree = "<group>";
		};
		83AA811E282EBA9D00586486 /* GoogleMapsDemo */ = {
			isa = PBXGroup;
			children = (
				83AA811F282EBA9D00586486 /* AppDelegate.swift */,
				83AA8121282EBA9D00586486 /* SceneDelegate.swift */,
				83AA8128282EBA9F00586486 /* Assets.xcassets */,
				83AA812A282EBA9F00586486 /* LaunchScreen.storyboard */,
				83AA812D282EBA9F00586486 /* Info.plist */,
				83F61AFC282F3F86001D9F14 /* Keys.plist */,
				83AA8125282EBA9D00586486 /* Main.storyboard */,
				838EBEA528303A2900738677 /* Result.storyboard */,
				83AA8135282F08D800586486 /* GooglePlacesManager.swift */,
				83B5A109283AF94D00697082 /* TabBarController.swift */,
				83AA8123282EBA9D00586486 /* MapViewController.swift */,
				83AA8133282EBBA900586486 /* ResultsViewController.swift */,
				83B5A10B283B01C800697082 /* SearchBarAutocompleteController.swift */,
				83B5A10D283B152100697082 /* FullScreenAutocompleteController.swift */,
			);
			path = GoogleMapsDemo;
			sourceTree = "<group>";
		};
		943680D532F6082FDA3BAF58 /* Frameworks */ = {
			isa = PBXGroup;
			children = (
				6EA7B64733AA9233E4F9D129 /* Pods_GoogleMapsDemo.framework */,
			);
			name = Frameworks;
			sourceTree = "<group>";
		};
/* End PBXGroup section */

/* Begin PBXNativeTarget section */
		83AA811B282EBA9D00586486 /* GoogleMapsDemo */ = {
			isa = PBXNativeTarget;
			buildConfigurationList = 83AA8130282EBA9F00586486 /* Build configuration list for PBXNativeTarget "GoogleMapsDemo" */;
			buildPhases = (
				3B704ED6B202DB348896EDC5 /* [CP] Check Pods Manifest.lock */,
				83AA8118282EBA9D00586486 /* Sources */,
				83AA8119282EBA9D00586486 /* Frameworks */,
				83AA811A282EBA9D00586486 /* Resources */,
				295B80F5669D120814AF9A13 /* [CP] Copy Pods Resources */,
			);
			buildRules = (
			);
			dependencies = (
			);
			name = GoogleMapsDemo;
			productName = YTMaps;
			productReference = 83AA811C282EBA9D00586486 /* GoogleMapsDemo.app */;
			productType = "com.apple.product-type.application";
		};
/* End PBXNativeTarget section */

/* Begin PBXProject section */
		83AA8114282EBA9D00586486 /* Project object */ = {
			isa = PBXProject;
			attributes = {
				BuildIndependentTargetsInParallel = 1;
				LastSwiftUpdateCheck = 1330;
				LastUpgradeCheck = 1330;
				TargetAttributes = {
					83AA811B282EBA9D00586486 = {
						CreatedOnToolsVersion = 13.3;
					};
				};
			};
			buildConfigurationList = 83AA8117282EBA9D00586486 /* Build configuration list for PBXProject "GoogleMapsDemo" */;
			compatibilityVersion = "Xcode 13.0";
			developmentRegion = en;
			hasScannedForEncodings = 0;
			knownRegions = (
				en,
				Base,
			);
			mainGroup = 83AA8113282EBA9D00586486;
			productRefGroup = 83AA811D282EBA9D00586486 /* Products */;
			projectDirPath = "";
			projectRoot = "";
			targets = (
				83AA811B282EBA9D00586486 /* GoogleMapsDemo */,
			);
		};
/* End PBXProject section */

/* Begin PBXResourcesBuildPhase section */
		83AA811A282EBA9D00586486 /* Resources */ = {
			isa = PBXResourcesBuildPhase;
			buildActionMask = 2147483647;
			files = (
				838EBEA628303A2900738677 /* Result.storyboard in Resources */,
				83F61AFD282F3F86001D9F14 /* Keys.plist in Resources */,
				83AA812C282EBA9F00586486 /* LaunchScreen.storyboard in Resources */,
				83AA8129282EBA9F00586486 /* Assets.xcassets in Resources */,
				83AA8127282EBA9D00586486 /* Main.storyboard in Resources */,
			);
			runOnlyForDeploymentPostprocessing = 0;
		};
/* End PBXResourcesBuildPhase section */

/* Begin PBXShellScriptBuildPhase section */
		295B80F5669D120814AF9A13 /* [CP] Copy Pods Resources */ = {
			isa = PBXShellScriptBuildPhase;
			buildActionMask = 2147483647;
			files = (
			);
			inputFileListPaths = (
				"${PODS_ROOT}/Target Support Files/Pods-GoogleMapsDemo/Pods-GoogleMapsDemo-resources-${CONFIGURATION}-input-files.xcfilelist",
			);
			name = "[CP] Copy Pods Resources";
			outputFileListPaths = (
				"${PODS_ROOT}/Target Support Files/Pods-GoogleMapsDemo/Pods-GoogleMapsDemo-resources-${CONFIGURATION}-output-files.xcfilelist",
			);
			runOnlyForDeploymentPostprocessing = 0;
			shellPath = /bin/sh;
			shellScript = "\"${PODS_ROOT}/Target Support Files/Pods-GoogleMapsDemo/Pods-GoogleMapsDemo-resources.sh\"\n";
			showEnvVarsInLog = 0;
		};
		3B704ED6B202DB348896EDC5 /* [CP] Check Pods Manifest.lock */ = {
			isa = PBXShellScriptBuildPhase;
			buildActionMask = 2147483647;
			files = (
			);
			inputFileListPaths = (
			);
			inputPaths = (
				"${PODS_PODFILE_DIR_PATH}/Podfile.lock",
				"${PODS_ROOT}/Manifest.lock",
			);
			name = "[CP] Check Pods Manifest.lock";
			outputFileListPaths = (
			);
			outputPaths = (
				"$(DERIVED_FILE_DIR)/Pods-GoogleMapsDemo-checkManifestLockResult.txt",
			);
			runOnlyForDeploymentPostprocessing = 0;
			shellPath = /bin/sh;
			shellScript = "diff \"${PODS_PODFILE_DIR_PATH}/Podfile.lock\" \"${PODS_ROOT}/Manifest.lock\" > /dev/null\nif [ $? != 0 ] ; then\n    # print error to STDERR\n    echo \"error: The sandbox is not in sync with the Podfile.lock. Run 'pod install' or update your CocoaPods installation.\" >&2\n    exit 1\nfi\n# This output is used by Xcode 'outputs' to avoid re-running this script phase.\necho \"SUCCESS\" > \"${SCRIPT_OUTPUT_FILE_0}\"\n";
			showEnvVarsInLog = 0;
		};
/* End PBXShellScriptBuildPhase section */

/* Begin PBXSourcesBuildPhase section */
		83AA8118282EBA9D00586486 /* Sources */ = {
			isa = PBXSourcesBuildPhase;
			buildActionMask = 2147483647;
			files = (
				83AA8124282EBA9D00586486 /* MapViewController.swift in Sources */,
				83AA8120282EBA9D00586486 /* AppDelegate.swift in Sources */,
				83B5A10E283B152100697082 /* FullScreenAutocompleteController.swift in Sources */,
				83AA8122282EBA9D00586486 /* SceneDelegate.swift in Sources */,
				83B5A10A283AF94D00697082 /* TabBarController.swift in Sources */,
				83B5A10C283B01C800697082 /* SearchBarAutocompleteController.swift in Sources */,
				83AA8134282EBBA900586486 /* ResultsViewController.swift in Sources */,
				83AA8136282F08D800586486 /* GooglePlacesManager.swift in Sources */,
			);
			runOnlyForDeploymentPostprocessing = 0;
		};
/* End PBXSourcesBuildPhase section */

/* Begin PBXVariantGroup section */
		83AA8125282EBA9D00586486 /* Main.storyboard */ = {
			isa = PBXVariantGroup;
			children = (
				83AA8126282EBA9D00586486 /* Base */,
			);
			name = Main.storyboard;
			sourceTree = "<group>";
		};
		83AA812A282EBA9F00586486 /* LaunchScreen.storyboard */ = {
			isa = PBXVariantGroup;
			children = (
				83AA812B282EBA9F00586486 /* Base */,
			);
			name = LaunchScreen.storyboard;
			sourceTree = "<group>";
		};
/* End PBXVariantGroup section */

/* Begin XCBuildConfiguration section */
		83AA812E282EBA9F00586486 /* Debug */ = {
			isa = XCBuildConfiguration;
			buildSettings = {
				ALWAYS_SEARCH_USER_PATHS = NO;
				CLANG_ANALYZER_NONNULL = YES;
				CLANG_ANALYZER_NUMBER_OBJECT_CONVERSION = YES_AGGRESSIVE;
				CLANG_CXX_LANGUAGE_STANDARD = "gnu++17";
				CLANG_ENABLE_MODULES = YES;
				CLANG_ENABLE_OBJC_ARC = YES;
				CLANG_ENABLE_OBJC_WEAK = YES;
				CLANG_WARN_BLOCK_CAPTURE_AUTORELEASING = YES;
				CLANG_WARN_BOOL_CONVERSION = YES;
				CLANG_WARN_COMMA = YES;
				CLANG_WARN_CONSTANT_CONVERSION = YES;
				CLANG_WARN_DEPRECATED_OBJC_IMPLEMENTATIONS = YES;
				CLANG_WARN_DIRECT_OBJC_ISA_USAGE = YES_ERROR;
				CLANG_WARN_DOCUMENTATION_COMMENTS = YES;
				CLANG_WARN_EMPTY_BODY = YES;
				CLANG_WARN_ENUM_CONVERSION = YES;
				CLANG_WARN_INFINITE_RECURSION = YES;
				CLANG_WARN_INT_CONVERSION = YES;
				CLANG_WARN_NON_LITERAL_NULL_CONVERSION = YES;
				CLANG_WARN_OBJC_IMPLICIT_RETAIN_SELF = YES;
				CLANG_WARN_OBJC_LITERAL_CONVERSION = YES;
				CLANG_WARN_OBJC_ROOT_CLASS = YES_ERROR;
				CLANG_WARN_QUOTED_INCLUDE_IN_FRAMEWORK_HEADER = YES;
				CLANG_WARN_RANGE_LOOP_ANALYSIS = YES;
				CLANG_WARN_STRICT_PROTOTYPES = YES;
				CLANG_WARN_SUSPICIOUS_MOVE = YES;
				CLANG_WARN_UNGUARDED_AVAILABILITY = YES_AGGRESSIVE;
				CLANG_WARN_UNREACHABLE_CODE = YES;
				CLANG_WARN__DUPLICATE_METHOD_MATCH = YES;
				COPY_PHASE_STRIP = NO;
				DEBUG_INFORMATION_FORMAT = dwarf;
				ENABLE_STRICT_OBJC_MSGSEND = YES;
				ENABLE_TESTABILITY = YES;
				"EXCLUDED_ARCHS[sdk=*]" = arm64;
				GCC_C_LANGUAGE_STANDARD = gnu11;
				GCC_DYNAMIC_NO_PIC = NO;
				GCC_NO_COMMON_BLOCKS = YES;
				GCC_OPTIMIZATION_LEVEL = 0;
				GCC_PREPROCESSOR_DEFINITIONS = (
					"DEBUG=1",
					"$(inherited)",
				);
				GCC_WARN_64_TO_32_BIT_CONVERSION = YES;
				GCC_WARN_ABOUT_RETURN_TYPE = YES_ERROR;
				GCC_WARN_UNDECLARED_SELECTOR = YES;
				GCC_WARN_UNINITIALIZED_AUTOS = YES_AGGRESSIVE;
				GCC_WARN_UNUSED_FUNCTION = YES;
				GCC_WARN_UNUSED_VARIABLE = YES;
				IPHONEOS_DEPLOYMENT_TARGET = 15.4;
				MTL_ENABLE_DEBUG_INFO = INCLUDE_SOURCE;
				MTL_FAST_MATH = YES;
				ONLY_ACTIVE_ARCH = YES;
				SDKROOT = iphoneos;
				SWIFT_ACTIVE_COMPILATION_CONDITIONS = DEBUG;
				SWIFT_OPTIMIZATION_LEVEL = "-Onone";
			};
			name = Debug;
		};
		83AA812F282EBA9F00586486 /* Release */ = {
			isa = XCBuildConfiguration;
			buildSettings = {
				ALWAYS_SEARCH_USER_PATHS = NO;
				CLANG_ANALYZER_NONNULL = YES;
				CLANG_ANALYZER_NUMBER_OBJECT_CONVERSION = YES_AGGRESSIVE;
				CLANG_CXX_LANGUAGE_STANDARD = "gnu++17";
				CLANG_ENABLE_MODULES = YES;
				CLANG_ENABLE_OBJC_ARC = YES;
				CLANG_ENABLE_OBJC_WEAK = YES;
				CLANG_WARN_BLOCK_CAPTURE_AUTORELEASING = YES;
				CLANG_WARN_BOOL_CONVERSION = YES;
				CLANG_WARN_COMMA = YES;
				CLANG_WARN_CONSTANT_CONVERSION = YES;
				CLANG_WARN_DEPRECATED_OBJC_IMPLEMENTATIONS = YES;
				CLANG_WARN_DIRECT_OBJC_ISA_USAGE = YES_ERROR;
				CLANG_WARN_DOCUMENTATION_COMMENTS = YES;
				CLANG_WARN_EMPTY_BODY = YES;
				CLANG_WARN_ENUM_CONVERSION = YES;
				CLANG_WARN_INFINITE_RECURSION = YES;
				CLANG_WARN_INT_CONVERSION = YES;
				CLANG_WARN_NON_LITERAL_NULL_CONVERSION = YES;
				CLANG_WARN_OBJC_IMPLICIT_RETAIN_SELF = YES;
				CLANG_WARN_OBJC_LITERAL_CONVERSION = YES;
				CLANG_WARN_OBJC_ROOT_CLASS = YES_ERROR;
				CLANG_WARN_QUOTED_INCLUDE_IN_FRAMEWORK_HEADER = YES;
				CLANG_WARN_RANGE_LOOP_ANALYSIS = YES;
				CLANG_WARN_STRICT_PROTOTYPES = YES;
				CLANG_WARN_SUSPICIOUS_MOVE = YES;
				CLANG_WARN_UNGUARDED_AVAILABILITY = YES_AGGRESSIVE;
				CLANG_WARN_UNREACHABLE_CODE = YES;
				CLANG_WARN__DUPLICATE_METHOD_MATCH = YES;
				COPY_PHASE_STRIP = NO;
				DEBUG_INFORMATION_FORMAT = "dwarf-with-dsym";
				ENABLE_NS_ASSERTIONS = NO;
				ENABLE_STRICT_OBJC_MSGSEND = YES;
				"EXCLUDED_ARCHS[sdk=*]" = arm64;
				GCC_C_LANGUAGE_STANDARD = gnu11;
				GCC_NO_COMMON_BLOCKS = YES;
				GCC_WARN_64_TO_32_BIT_CONVERSION = YES;
				GCC_WARN_ABOUT_RETURN_TYPE = YES_ERROR;
				GCC_WARN_UNDECLARED_SELECTOR = YES;
				GCC_WARN_UNINITIALIZED_AUTOS = YES_AGGRESSIVE;
				GCC_WARN_UNUSED_FUNCTION = YES;
				GCC_WARN_UNUSED_VARIABLE = YES;
				IPHONEOS_DEPLOYMENT_TARGET = 15.4;
				MTL_ENABLE_DEBUG_INFO = NO;
				MTL_FAST_MATH = YES;
				SDKROOT = iphoneos;
				SWIFT_COMPILATION_MODE = wholemodule;
				SWIFT_OPTIMIZATION_LEVEL = "-O";
				VALIDATE_PRODUCT = YES;
			};
			name = Release;
		};
		83AA8131282EBA9F00586486 /* Debug */ = {
			isa = XCBuildConfiguration;
			baseConfigurationReference = 399E388D6BA1CF34F089C4FB /* Pods-GoogleMapsDemo.debug.xcconfig */;
			buildSettings = {
				ASSETCATALOG_COMPILER_APPICON_NAME = AppIcon;
				ASSETCATALOG_COMPILER_GLOBAL_ACCENT_COLOR_NAME = AccentColor;
				CODE_SIGN_STYLE = Automatic;
				CURRENT_PROJECT_VERSION = 1;
				EXCLUDED_ARCHS = "";
				"EXCLUDED_ARCHS[sdk=iphonesimulator*]" = arm64;
				GENERATE_INFOPLIST_FILE = YES;
				INFOPLIST_FILE = GoogleMapsDemo/Info.plist;
				INFOPLIST_KEY_UIApplicationSupportsIndirectInputEvents = YES;
				INFOPLIST_KEY_UILaunchStoryboardName = LaunchScreen;
				INFOPLIST_KEY_UIMainStoryboardFile = Main;
				INFOPLIST_KEY_UISupportedInterfaceOrientations_iPad = "UIInterfaceOrientationPortrait UIInterfaceOrientationPortraitUpsideDown UIInterfaceOrientationLandscapeLeft UIInterfaceOrientationLandscapeRight";
				INFOPLIST_KEY_UISupportedInterfaceOrientations_iPhone = "UIInterfaceOrientationPortrait UIInterfaceOrientationLandscapeLeft UIInterfaceOrientationLandscapeRight";
				LD_RUNPATH_SEARCH_PATHS = (
					"$(inherited)",
					"@executable_path/Frameworks",
				);
				MARKETING_VERSION = 1.0;
				PRODUCT_BUNDLE_IDENTIFIER = com.rbenjamin.GoogleMapsDemo;
				PRODUCT_NAME = "$(TARGET_NAME)";
				SWIFT_EMIT_LOC_STRINGS = YES;
				SWIFT_VERSION = 5.0;
				TARGETED_DEVICE_FAMILY = "1,2";
			};
			name = Debug;
		};
		83AA8132282EBA9F00586486 /* Release */ = {
			isa = XCBuildConfiguration;
			baseConfigurationReference = 517600522C3E15027660D731 /* Pods-GoogleMapsDemo.release.xcconfig */;
			buildSettings = {
				ASSETCATALOG_COMPILER_APPICON_NAME = AppIcon;
				ASSETCATALOG_COMPILER_GLOBAL_ACCENT_COLOR_NAME = AccentColor;
				CODE_SIGN_STYLE = Automatic;
				CURRENT_PROJECT_VERSION = 1;
				EXCLUDED_ARCHS = "";
				"EXCLUDED_ARCHS[sdk=iphonesimulator*]" = arm64;
				GENERATE_INFOPLIST_FILE = YES;
				INFOPLIST_FILE = GoogleMapsDemo/Info.plist;
				INFOPLIST_KEY_UIApplicationSupportsIndirectInputEvents = YES;
				INFOPLIST_KEY_UILaunchStoryboardName = LaunchScreen;
				INFOPLIST_KEY_UIMainStoryboardFile = Main;
				INFOPLIST_KEY_UISupportedInterfaceOrientations_iPad = "UIInterfaceOrientationPortrait UIInterfaceOrientationPortraitUpsideDown UIInterfaceOrientationLandscapeLeft UIInterfaceOrientationLandscapeRight";
				INFOPLIST_KEY_UISupportedInterfaceOrientations_iPhone = "UIInterfaceOrientationPortrait UIInterfaceOrientationLandscapeLeft UIInterfaceOrientationLandscapeRight";
				LD_RUNPATH_SEARCH_PATHS = (
					"$(inherited)",
					"@executable_path/Frameworks",
				);
				MARKETING_VERSION = 1.0;
				PRODUCT_BUNDLE_IDENTIFIER = com.rbenjamin.GoogleMapsDemo;
				PRODUCT_NAME = "$(TARGET_NAME)";
				SWIFT_EMIT_LOC_STRINGS = YES;
				SWIFT_VERSION = 5.0;
				TARGETED_DEVICE_FAMILY = "1,2";
			};
			name = Release;
		};
/* End XCBuildConfiguration section */

/* Begin XCConfigurationList section */
		83AA8117282EBA9D00586486 /* Build configuration list for PBXProject "GoogleMapsDemo" */ = {
			isa = XCConfigurationList;
			buildConfigurations = (
				83AA812E282EBA9F00586486 /* Debug */,
				83AA812F282EBA9F00586486 /* Release */,
			);
			defaultConfigurationIsVisible = 0;
			defaultConfigurationName = Release;
		};
		83AA8130282EBA9F00586486 /* Build configuration list for PBXNativeTarget "GoogleMapsDemo" */ = {
			isa = XCConfigurationList;
			buildConfigurations = (
				83AA8131282EBA9F00586486 /* Debug */,
				83AA8132282EBA9F00586486 /* Release */,
			);
			defaultConfigurationIsVisible = 0;
			defaultConfigurationName = Release;
		};
/* End XCConfigurationList section */
	};
	rootObject = 83AA8114282EBA9D00586486 /* Project object */;
}
